{
  "version": 4,
  "terraform_version": "1.10.1",
  "serial": 1,
  "lineage": "77862cdc-dd2c-07a2-0105-a902cdf60d53",
  "outputs": {
    "resource_group_name": {
      "value": "Resource created successfully.",
      "type": "string"
    }
  },
  "resources": [
    {
      "mode": "managed",
      "type": "azurerm_resource_group",
      "name": "rg",
      "provider": "provider[\"registry.terraform.io/hashicorp/azurerm\"]",
      "instances": [
        {
          "schema_version": 0,
          "attributes": {
            "id": "/subscriptions/1b113985-a702-4a92-b326-b779c3bc32c1/resourceGroups/terraform-rg",
            "location": "westus",
            "managed_by": "",
            "name": "terraform-rg",
            "tags": {
              "environment": "development",
              "project": "terraform-app"
            },
            "timeouts": null
          },
          "sensitive_attributes": [],
          "private": "eyJlMmJmYjczMC1lY2FhLTExZTYtOGY4OC0zNDM2M2JjN2M0YzAiOnsiY3JlYXRlIjo1NDAwMDAwMDAwMDAwLCJkZWxldGUiOjU0MDAwMDAwMDAwMDAsInJlYWQiOjMwMDAwMDAwMDAwMCwidXBkYXRlIjo1NDAwMDAwMDAwMDAwfX0="
        }
      ]
    }
  ],
  "check_results": null
}
