{
  "version": 4,
  "terraform_version": "1.10.1",
  "serial": 4,
  "lineage": "77862cdc-dd2c-07a2-0105-a902cdf60d53",
  "outputs": {
    "resource_group_name": {
      "value": "Resource created successfully.",
      "type": "string"
    }
  },
  "resources": [
    {
      "mode": "managed",
      "type": "azurerm_app_service",
      "name": "appservice",
      "provider": "provider[\"registry.terraform.io/hashicorp/azurerm\"]",
      "instances": [
        {
          "schema_version": 0,
          "attributes": {
            "app_service_plan_id": "/subscriptions/1b113985-a702-4a92-b326-b779c3bc32c1/resourceGroups/terraform-rg/providers/Microsoft.Web/serverFarms/terraform-appservice-plan",
            "app_settings": {
              "WEBSITE_JAVA_VERSION": "1.8",
              "WEBSITE_WEBDEPLOY_USE_SCM": "true"
            },
            "auth_settings": [
              {
                "active_directory": [],
                "additional_login_params": {},
                "allowed_external_redirect_urls": [],
                "default_provider": "",
                "enabled": false,
                "facebook": [],
                "google": [],
                "issuer": "",
                "microsoft": [],
                "runtime_version": "",
                "token_refresh_extension_hours": 0,
                "token_store_enabled": false,
                "twitter": [],
                "unauthenticated_client_action": ""
              }
            ],
            "backup": [],
            "client_affinity_enabled": false,
            "client_cert_enabled": false,
            "client_cert_mode": "Required",
            "connection_string": [],
            "custom_domain_verification_id": "B4956C8EFE7F694B7F5A510A6E5B37EECE60A0AAFE7628EBC5EA54EC839D52B0",
            "default_site_hostname": "terraform-app.azurewebsites.net",
            "enabled": true,
            "https_only": false,
            "id": "/subscriptions/1b113985-a702-4a92-b326-b779c3bc32c1/resourceGroups/terraform-rg/providers/Microsoft.Web/sites/terraform-app",
            "identity": [],
            "key_vault_reference_identity_id": "SystemAssigned",
            "location": "westus",
            "logs": [
              {
                "application_logs": [
                  {
                    "azure_blob_storage": [],
                    "file_system_level": "Off"
                  }
                ],
                "detailed_error_messages_enabled": false,
                "failed_request_tracing_enabled": false,
                "http_logs": [
                  {
                    "azure_blob_storage": [],
                    "file_system": []
                  }
                ]
              }
            ],
            "name": "terraform-app",
            "outbound_ip_address_list": [
              "13.91.42.207",
              "13.91.44.111",
              "13.91.40.156",
              "13.91.41.150",
              "13.91.40.166"
            ],
            "outbound_ip_addresses": "13.91.42.207,13.91.44.111,13.91.40.156,13.91.41.150,13.91.40.166",
            "possible_outbound_ip_address_list": [
              "13.91.42.207",
              "13.91.44.111",
              "13.91.40.156",
              "13.91.41.150",
              "138.91.225.82",
              "13.93.155.84",
              "40.83.249.230",
              "13.93.155.82",
              "13.93.155.87",
              "65.52.122.132",
              "65.52.122.185",
              "65.52.123.16",
              "65.52.123.233",
              "20.253.168.105",
              "65.52.123.245",
              "138.91.143.131",
              "138.91.144.193",
              "138.91.188.237",
              "138.91.186.194",
              "137.135.30.155",
              "138.91.139.124",
              "13.91.40.166"
            ],
            "possible_outbound_ip_addresses": "13.91.42.207,13.91.44.111,13.91.40.156,13.91.41.150,138.91.225.82,13.93.155.84,40.83.249.230,13.93.155.82,13.93.155.87,65.52.122.132,65.52.122.185,65.52.123.16,65.52.123.233,20.253.168.105,65.52.123.245,138.91.143.131,138.91.144.193,138.91.188.237,138.91.186.194,137.135.30.155,138.91.139.124,13.91.40.166",
            "resource_group_name": "terraform-rg",
            "site_config": [
              {
                "acr_use_managed_identity_credentials": false,
                "acr_user_managed_identity_client_id": "",
                "always_on": false,
                "app_command_line": "",
                "auto_swap_slot_name": "",
                "cors": [
                  {
                    "allowed_origins": [],
                    "support_credentials": false
                  }
                ],
                "default_documents": null,
                "dotnet_framework_version": "v4.0",
                "ftps_state": "FtpsOnly",
                "health_check_path": "",
                "http2_enabled": false,
                "ip_restriction": [],
                "java_container": "TOMCAT",
                "java_container_version": "9.0",
                "java_version": "11",
                "linux_fx_version": "",
                "local_mysql_enabled": false,
                "managed_pipeline_mode": "Integrated",
                "min_tls_version": "1.2",
                "number_of_workers": 1,
                "php_version": "",
                "python_version": "",
                "remote_debugging_enabled": false,
                "remote_debugging_version": "VS2022",
                "scm_ip_restriction": [],
                "scm_type": "None",
                "scm_use_main_ip_restriction": false,
                "use_32_bit_worker_process": false,
                "vnet_route_all_enabled": false,
                "websockets_enabled": false,
                "windows_fx_version": ""
              }
            ],
            "site_credential": [
              {
                "password": "kiw1Bt7dL6afgYwxrSAngnva43Z2pqkvkgQqMz61oNiyeNZ93HasrBz2djgT",
                "username": "$terraform-app"
              }
            ],
            "source_control": [
              {
                "branch": "main",
                "manual_integration": false,
                "repo_url": "",
                "rollback_enabled": false,
                "use_mercurial": false
              }
            ],
            "storage_account": [],
            "tags": {
              "environment": "development",
              "project": "terraform-app"
            },
            "timeouts": null
          },
          "sensitive_attributes": [],
          "private": "eyJlMmJmYjczMC1lY2FhLTExZTYtOGY4OC0zNDM2M2JjN2M0YzAiOnsiY3JlYXRlIjoxODAwMDAwMDAwMDAwLCJkZWxldGUiOjE4MDAwMDAwMDAwMDAsInJlYWQiOjMwMDAwMDAwMDAwMCwidXBkYXRlIjoxODAwMDAwMDAwMDAwfX0=",
          "dependencies": [
            "azurerm_app_service_plan.appserviceplan",
            "azurerm_resource_group.rg"
          ]
        }
      ]
    },
    {
      "mode": "managed",
      "type": "azurerm_app_service_plan",
      "name": "appserviceplan",
      "provider": "provider[\"registry.terraform.io/hashicorp/azurerm\"]",
      "instances": [
        {
          "schema_version": 1,
          "attributes": {
            "app_service_environment_id": "",
            "id": "/subscriptions/1b113985-a702-4a92-b326-b779c3bc32c1/resourceGroups/terraform-rg/providers/Microsoft.Web/serverFarms/terraform-appservice-plan",
            "is_xenon": false,
            "kind": "Windows",
            "location": "westus",
            "maximum_elastic_worker_count": 1,
            "maximum_number_of_workers": 10,
            "name": "terraform-appservice-plan",
            "per_site_scaling": false,
            "reserved": false,
            "resource_group_name": "terraform-rg",
            "sku": [
              {
                "capacity": 1,
                "size": "S1",
                "tier": "Standard"
              }
            ],
            "tags": null,
            "timeouts": null,
            "zone_redundant": false
          },
          "sensitive_attributes": [],
          "private": "eyJlMmJmYjczMC1lY2FhLTExZTYtOGY4OC0zNDM2M2JjN2M0YzAiOnsiY3JlYXRlIjozNjAwMDAwMDAwMDAwLCJkZWxldGUiOjM2MDAwMDAwMDAwMDAsInJlYWQiOjMwMDAwMDAwMDAwMCwidXBkYXRlIjozNjAwMDAwMDAwMDAwfSwic2NoZW1hX3ZlcnNpb24iOiIxIn0=",
          "dependencies": [
            "azurerm_resource_group.rg"
          ]
        }
      ]
    },
    {
      "mode": "managed",
      "type": "azurerm_resource_group",
      "name": "rg",
      "provider": "provider[\"registry.terraform.io/hashicorp/azurerm\"]",
      "instances": [
        {
          "schema_version": 0,
          "attributes": {
            "id": "/subscriptions/1b113985-a702-4a92-b326-b779c3bc32c1/resourceGroups/terraform-rg",
            "location": "westus",
            "managed_by": "",
            "name": "terraform-rg",
            "tags": {
              "environment": "development",
              "project": "terraform-app"
            },
            "timeouts": null
          },
          "sensitive_attributes": [],
          "private": "eyJlMmJmYjczMC1lY2FhLTExZTYtOGY4OC0zNDM2M2JjN2M0YzAiOnsiY3JlYXRlIjo1NDAwMDAwMDAwMDAwLCJkZWxldGUiOjU0MDAwMDAwMDAwMDAsInJlYWQiOjMwMDAwMDAwMDAwMCwidXBkYXRlIjo1NDAwMDAwMDAwMDAwfX0="
        }
      ]
    }
  ],
  "check_results": null
}
